
Microsoft Visual Studio Solution File, Format Version 12.00
# Visual Studio 15
VisualStudioVersion = 15.0.28307.1231
MinimumVisualStudioVersion = 10.0.40219.1
Project("{FAE04EC0-301F-11D3-BF4B-00C04F79EFBC}") = "Techproj2b", "Techproj2b\Techproj2b.csproj", "{F8E05912-5CF8-409F-B338-F766B2DB23EB}"
EndProject
Global
	GlobalSection(SolutionConfigurationPlatforms) = preSolution
		Debug|Any CPU = Debug|Any CPU
		Release|Any CPU = Release|Any CPU
	EndGlobalSection
	GlobalSection(ProjectConfigurationPlatforms) = postSolution
		{F8E05912-5CF8-409F-B338-F766B2DB23EB}.Debug|Any CPU.ActiveCfg = Debug|Any CPU
		{F8E05912-5CF8-409F-B338-F766B2DB23EB}.Debug|Any CPU.Build.0 = Debug|Any CPU
		{F8E05912-5CF8-409F-B338-F766B2DB23EB}.Release|Any CPU.ActiveCfg = Release|Any CPU
		{F8E05912-5CF8-409F-B338-F766B2DB23EB}.Release|Any CPU.Build.0 = Release|Any CPU
	EndGlobalSection
	GlobalSection(SolutionProperties) = preSolution
		HideSolutionNode = FALSE
	EndGlobalSection
	GlobalSection(ExtensibilityGlobals) = postSolution
		SolutionGuid = {DA6A5FC3-D4D8-436D-9036-C39B8EF04305}
	EndGlobalSection
EndGlobal
